
Microsoft Visual Studio Solution File, Format Version 12.00
# Visual Studio Version 16
VisualStudioVersion = 16.0.29509.3
MinimumVisualStudioVersion = 10.0.40219.1
Project("{FAE04EC0-301F-11D3-BF4B-00C04F79EFBC}") = "QuickBuy.Dominio", "QuickBuy.Dominio\QuickBuy.Dominio.csproj", "{016B582B-F8A2-47AE-A66E-F82CF9D143F0}"
EndProject
Project("{FAE04EC0-301F-11D3-BF4B-00C04F79EFBC}") = "QuickBuy.Repositorio", "QuickBuy.Repositorio\QuickBuy.Repositorio.csproj", "{AA38E4ED-4912-465D-B56D-FFC23B317E62}"
EndProject
Project("{FAE04EC0-301F-11D3-BF4B-00C04F79EFBC}") = "QuickBuy.Web", "QuickBuy.Web\QuickBuy.Web.csproj", "{55ABC687-64C4-4E52-BDF6-A5C12FA8C563}"
EndProject
Global
	GlobalSection(SolutionConfigurationPlatforms) = preSolution
		Debug|Any CPU = Debug|Any CPU
		Release|Any CPU = Release|Any CPU
	EndGlobalSection
	GlobalSection(ProjectConfigurationPlatforms) = postSolution
		{016B582B-F8A2-47AE-A66E-F82CF9D143F0}.Debug|Any CPU.ActiveCfg = Debug|Any CPU
		{016B582B-F8A2-47AE-A66E-F82CF9D143F0}.Debug|Any CPU.Build.0 = Debug|Any CPU
		{016B582B-F8A2-47AE-A66E-F82CF9D143F0}.Release|Any CPU.ActiveCfg = Release|Any CPU
		{016B582B-F8A2-47AE-A66E-F82CF9D143F0}.Release|Any CPU.Build.0 = Release|Any CPU
		{AA38E4ED-4912-465D-B56D-FFC23B317E62}.Debug|Any CPU.ActiveCfg = Debug|Any CPU
		{AA38E4ED-4912-465D-B56D-FFC23B317E62}.Debug|Any CPU.Build.0 = Debug|Any CPU
		{AA38E4ED-4912-465D-B56D-FFC23B317E62}.Release|Any CPU.ActiveCfg = Release|Any CPU
		{AA38E4ED-4912-465D-B56D-FFC23B317E62}.Release|Any CPU.Build.0 = Release|Any CPU
		{55ABC687-64C4-4E52-BDF6-A5C12FA8C563}.Debug|Any CPU.ActiveCfg = Debug|Any CPU
		{55ABC687-64C4-4E52-BDF6-A5C12FA8C563}.Debug|Any CPU.Build.0 = Debug|Any CPU
		{55ABC687-64C4-4E52-BDF6-A5C12FA8C563}.Release|Any CPU.ActiveCfg = Release|Any CPU
		{55ABC687-64C4-4E52-BDF6-A5C12FA8C563}.Release|Any CPU.Build.0 = Release|Any CPU
	EndGlobalSection
	GlobalSection(SolutionProperties) = preSolution
		HideSolutionNode = FALSE
	EndGlobalSection
	GlobalSection(ExtensibilityGlobals) = postSolution
		SolutionGuid = {F3C15B75-731D-4497-B347-2C54AEEA9525}
	EndGlobalSection
EndGlobal
